
Microsoft Visual Studio Solution File, Format Version 12.00
# Visual Studio Version 17
VisualStudioVersion = 17.5.33424.131
MinimumVisualStudioVersion = 10.0.40219.1
Project("{FAE04EC0-301F-11D3-BF4B-00C04F79EFBC}") = "MVCCRUD", "MVCCRUD\MVCCRUD.csproj", "{7145D4C1-A1B0-46E0-BB2B-DB9E097C8444}"
EndProject
Global
	GlobalSection(SolutionConfigurationPlatforms) = preSolution
		Debug|Any CPU = Debug|Any CPU
		Release|Any CPU = Release|Any CPU
	EndGlobalSection
	GlobalSection(ProjectConfigurationPlatforms) = postSolution
		{7145D4C1-A1B0-46E0-BB2B-DB9E097C8444}.Debug|Any CPU.ActiveCfg = Debug|Any CPU
		{7145D4C1-A1B0-46E0-BB2B-DB9E097C8444}.Debug|Any CPU.Build.0 = Debug|Any CPU
		{7145D4C1-A1B0-46E0-BB2B-DB9E097C8444}.Release|Any CPU.ActiveCfg = Release|Any CPU
		{7145D4C1-A1B0-46E0-BB2B-DB9E097C8444}.Release|Any CPU.Build.0 = Release|Any CPU
	EndGlobalSection
	GlobalSection(SolutionProperties) = preSolution
		HideSolutionNode = FALSE
	EndGlobalSection
	GlobalSection(ExtensibilityGlobals) = postSolution
		SolutionGuid = {6695D95A-C829-443B-A7E5-38DC8BA38F12}
	EndGlobalSection
EndGlobal
